
Microsoft Visual Studio Solution File, Format Version 12.00
# Visual Studio 15
VisualStudioVersion = 15.0.27428.2043
MinimumVisualStudioVersion = 10.0.40219.1
Project("{FAE04EC0-301F-11D3-BF4B-00C04F79EFBC}") = "Lab8", "Lab8\Lab8.csproj", "{CD95C9AF-E75E-4435-AA13-F56E42C1FAEC}"
EndProject
Project("{FAE04EC0-301F-11D3-BF4B-00C04F79EFBC}") = "Lab8Library", "Lab8Library\Lab8Library.csproj", "{00B87FA5-204F-492C-84AC-1A1CAFB68C5F}"
EndProject
Global
	GlobalSection(SolutionConfigurationPlatforms) = preSolution
		Debug|Any CPU = Debug|Any CPU
		Release|Any CPU = Release|Any CPU
	EndGlobalSection
	GlobalSection(ProjectConfigurationPlatforms) = postSolution
		{CD95C9AF-E75E-4435-AA13-F56E42C1FAEC}.Debug|Any CPU.ActiveCfg = Debug|Any CPU
		{CD95C9AF-E75E-4435-AA13-F56E42C1FAEC}.Debug|Any CPU.Build.0 = Debug|Any CPU
		{CD95C9AF-E75E-4435-AA13-F56E42C1FAEC}.Release|Any CPU.ActiveCfg = Release|Any CPU
		{CD95C9AF-E75E-4435-AA13-F56E42C1FAEC}.Release|Any CPU.Build.0 = Release|Any CPU
		{00B87FA5-204F-492C-84AC-1A1CAFB68C5F}.Debug|Any CPU.ActiveCfg = Debug|Any CPU
		{00B87FA5-204F-492C-84AC-1A1CAFB68C5F}.Debug|Any CPU.Build.0 = Debug|Any CPU
		{00B87FA5-204F-492C-84AC-1A1CAFB68C5F}.Release|Any CPU.ActiveCfg = Release|Any CPU
		{00B87FA5-204F-492C-84AC-1A1CAFB68C5F}.Release|Any CPU.Build.0 = Release|Any CPU
	EndGlobalSection
	GlobalSection(SolutionProperties) = preSolution
		HideSolutionNode = FALSE
	EndGlobalSection
	GlobalSection(ExtensibilityGlobals) = postSolution
		SolutionGuid = {A9D2DFA8-60AD-4FA2-ABF7-8B01874E50B6}
	EndGlobalSection
EndGlobal
